// !$*UTF8*$!
{
	archiveVersion = 1;
	classes = {
	};
	objectVersion = 46;
	objects = {

/* Begin PBXBuildFile section */
		CB7C74D81C0F349A00F143B4 /* main.m in Sources */ = {isa = PBXBuildFile; fileRef = CB7C74D71C0F349A00F143B4 /* main.m */; };
		CB7C74E11C0F372700F143B4 /* aoc.m in Sources */ = {isa = PBXBuildFile; fileRef = CB7C74E01C0F372700F143B4 /* aoc.m */; };
		CB7C74FA1C0F46C500F143B4 /* Inputs in CopyFiles */ = {isa = PBXBuildFile; fileRef = CB7C74F41C0F43F600F143B4 /* Inputs */; };
/* End PBXBuildFile section */

/* Begin PBXCopyFilesBuildPhase section */
		CB7C74D21C0F349A00F143B4 /* CopyFiles */ = {
			isa = PBXCopyFilesBuildPhase;
			buildActionMask = 12;
			dstPath = "";
			dstSubfolderSpec = 16;
			files = (
				CB7C74FA1C0F46C500F143B4 /* Inputs in CopyFiles */,
			);
			runOnlyForDeploymentPostprocessing = 0;
		};
/* End PBXCopyFilesBuildPhase section */

/* Begin PBXFileReference section */
		CB7C74D41C0F349A00F143B4 /* AdventOfCode */ = {isa = PBXFileReference; explicitFileType = "compiled.mach-o.executable"; includeInIndex = 0; path = AdventOfCode; sourceTree = BUILT_PRODUCTS_DIR; };
		CB7C74D71C0F349A00F143B4 /* main.m */ = {isa = PBXFileReference; lastKnownFileType = sourcecode.c.objc; path = main.m; sourceTree = "<group>"; };
		CB7C74E01C0F372700F143B4 /* aoc.m */ = {isa = PBXFileReference; fileEncoding = 4; lastKnownFileType = sourcecode.c.objc; path = aoc.m; sourceTree = "<group>"; };
		CB7C74E21C0F378A00F143B4 /* aoc.h */ = {isa = PBXFileReference; lastKnownFileType = sourcecode.c.h; path = aoc.h; sourceTree = "<group>"; };
		CB7C74F41C0F43F600F143B4 /* Inputs */ = {isa = PBXFileReference; lastKnownFileType = folder; path = Inputs; sourceTree = "<group>"; };
		CB7C74FB1C0F67A500F143B4 /* day1.m */ = {isa = PBXFileReference; lastKnownFileType = sourcecode.c.objc; path = day1.m; sourceTree = "<group>"; };
		CB7C74FC1C0F67B800F143B4 /* day2.m */ = {isa = PBXFileReference; lastKnownFileType = sourcecode.c.objc; path = day2.m; sourceTree = "<group>"; };
		CB7C74FD1C106F4900F143B4 /* day3.m */ = {isa = PBXFileReference; lastKnownFileType = sourcecode.c.objc; path = day3.m; sourceTree = "<group>"; };
		CB7C74FE1C115CF200F143B4 /* day4.m */ = {isa = PBXFileReference; lastKnownFileType = sourcecode.c.objc; path = day4.m; sourceTree = "<group>"; };
		CB7C74FF1C12A6D400F143B4 /* day5.m */ = {isa = PBXFileReference; lastKnownFileType = sourcecode.c.objc; path = day5.m; sourceTree = "<group>"; };
		CB7C75001C1482D000F143B4 /* day6.m */ = {isa = PBXFileReference; lastKnownFileType = sourcecode.c.objc; path = day6.m; sourceTree = "<group>"; };
/* End PBXFileReference section */

/* Begin PBXFrameworksBuildPhase section */
		CB7C74D11C0F349A00F143B4 /* Frameworks */ = {
			isa = PBXFrameworksBuildPhase;
			buildActionMask = 2147483647;
			files = (
			);
			runOnlyForDeploymentPostprocessing = 0;
		};
/* End PBXFrameworksBuildPhase section */

/* Begin PBXGroup section */
		CB7C74CB1C0F349A00F143B4 = {
			isa = PBXGroup;
			children = (
				CB7C74D61C0F349A00F143B4 /* AdventOfCode */,
				CB7C74D51C0F349A00F143B4 /* Products */,
				CB7C74F41C0F43F600F143B4 /* Inputs */,
			);
			sourceTree = "<group>";
		};
		CB7C74D51C0F349A00F143B4 /* Products */ = {
			isa = PBXGroup;
			children = (
				CB7C74D41C0F349A00F143B4 /* AdventOfCode */,
			);
			name = Products;
			sourceTree = "<group>";
		};
		CB7C74D61C0F349A00F143B4 /* AdventOfCode */ = {
			isa = PBXGroup;
			children = (
				CB7C74D71C0F349A00F143B4 /* main.m */,
				CB7C74E01C0F372700F143B4 /* aoc.m */,
				CB7C74E21C0F378A00F143B4 /* aoc.h */,
				CB7C74FB1C0F67A500F143B4 /* day1.m */,
				CB7C74FC1C0F67B800F143B4 /* day2.m */,
				CB7C74FD1C106F4900F143B4 /* day3.m */,
				CB7C74FE1C115CF200F143B4 /* day4.m */,
				CB7C74FF1C12A6D400F143B4 /* day5.m */,
				CB7C75001C1482D000F143B4 /* day6.m */,
			);
			path = AdventOfCode;
			sourceTree = "<group>";
		};
/* End PBXGroup section */

/* Begin PBXNativeTarget section */
		CB7C74D31C0F349A00F143B4 /* AdventOfCode */ = {
			isa = PBXNativeTarget;
			buildConfigurationList = CB7C74DB1C0F349A00F143B4 /* Build configuration list for PBXNativeTarget "AdventOfCode" */;
			buildPhases = (
				CB7C74D01C0F349A00F143B4 /* Sources */,
				CB7C74D11C0F349A00F143B4 /* Frameworks */,
				CB7C74D21C0F349A00F143B4 /* CopyFiles */,
				CB7C74E61C0F3F7700F143B4 /* Resources */,
			);
			buildRules = (
			);
			dependencies = (
			);
			name = AdventOfCode;
			productName = AdventOfCode;
			productReference = CB7C74D41C0F349A00F143B4 /* AdventOfCode */;
			productType = "com.apple.product-type.tool";
		};
/* End PBXNativeTarget section */

/* Begin PBXProject section */
		CB7C74CC1C0F349A00F143B4 /* Project object */ = {
			isa = PBXProject;
			attributes = {
				LastUpgradeCheck = 0710;
				ORGANIZATIONNAME = "Charlie Schmidt";
				TargetAttributes = {
					CB7C74D31C0F349A00F143B4 = {
						CreatedOnToolsVersion = 7.1.1;
					};
				};
			};
			buildConfigurationList = CB7C74CF1C0F349A00F143B4 /* Build configuration list for PBXProject "AdventOfCode" */;
			compatibilityVersion = "Xcode 3.2";
			developmentRegion = English;
			hasScannedForEncodings = 0;
			knownRegions = (
				en,
			);
			mainGroup = CB7C74CB1C0F349A00F143B4;
			productRefGroup = CB7C74D51C0F349A00F143B4 /* Products */;
			projectDirPath = "";
			projectRoot = "";
			targets = (
				CB7C74D31C0F349A00F143B4 /* AdventOfCode */,
			);
		};
/* End PBXProject section */

/* Begin PBXResourcesBuildPhase section */
		CB7C74E61C0F3F7700F143B4 /* Resources */ = {
			isa = PBXResourcesBuildPhase;
			buildActionMask = 2147483647;
			files = (
			);
			runOnlyForDeploymentPostprocessing = 0;
		};
/* End PBXResourcesBuildPhase section */

/* Begin PBXSourcesBuildPhase section */
		CB7C74D01C0F349A00F143B4 /* Sources */ = {
			isa = PBXSourcesBuildPhase;
			buildActionMask = 2147483647;
			files = (
				CB7C74E11C0F372700F143B4 /* aoc.m in Sources */,
				CB7C74D81C0F349A00F143B4 /* main.m in Sources */,
			);
			runOnlyForDeploymentPostprocessing = 0;
		};
/* End PBXSourcesBuildPhase section */

/* Begin XCBuildConfiguration section */
		CB7C74D91C0F349A00F143B4 /* Debug */ = {
			isa = XCBuildConfiguration;
			buildSettings = {
				ALWAYS_SEARCH_USER_PATHS = NO;
				CLANG_CXX_LANGUAGE_STANDARD = "gnu++0x";
				CLANG_CXX_LIBRARY = "libc++";
				CLANG_ENABLE_MODULES = YES;
				CLANG_ENABLE_OBJC_ARC = YES;
				CLANG_WARN_BOOL_CONVERSION = YES;
				CLANG_WARN_CONSTANT_CONVERSION = YES;
				CLANG_WARN_DIRECT_OBJC_ISA_USAGE = YES_ERROR;
				CLANG_WARN_EMPTY_BODY = YES;
				CLANG_WARN_ENUM_CONVERSION = YES;
				CLANG_WARN_INT_CONVERSION = YES;
				CLANG_WARN_OBJC_ROOT_CLASS = YES_ERROR;
				CLANG_WARN_UNREACHABLE_CODE = YES;
				CLANG_WARN__DUPLICATE_METHOD_MATCH = YES;
				CODE_SIGN_IDENTITY = "-";
				COPY_PHASE_STRIP = NO;
				DEBUG_INFORMATION_FORMAT = dwarf;
				ENABLE_STRICT_OBJC_MSGSEND = YES;
				ENABLE_TESTABILITY = YES;
				GCC_C_LANGUAGE_STANDARD = gnu99;
				GCC_DYNAMIC_NO_PIC = NO;
				GCC_NO_COMMON_BLOCKS = YES;
				GCC_OPTIMIZATION_LEVEL = 0;
				GCC_PREPROCESSOR_DEFINITIONS = (
					"DEBUG=1",
					"$(inherited)",
				);
				GCC_WARN_64_TO_32_BIT_CONVERSION = YES;
				GCC_WARN_ABOUT_RETURN_TYPE = YES_ERROR;
				GCC_WARN_UNDECLARED_SELECTOR = YES;
				GCC_WARN_UNINITIALIZED_AUTOS = YES_AGGRESSIVE;
				GCC_WARN_UNUSED_FUNCTION = YES;
				GCC_WARN_UNUSED_VARIABLE = YES;
				MACOSX_DEPLOYMENT_TARGET = 10.11;
				MTL_ENABLE_DEBUG_INFO = YES;
				ONLY_ACTIVE_ARCH = YES;
				SDKROOT = macosx;
			};
			name = Debug;
		};
		CB7C74DA1C0F349A00F143B4 /* Release */ = {
			isa = XCBuildConfiguration;
			buildSettings = {
				ALWAYS_SEARCH_USER_PATHS = NO;
				CLANG_CXX_LANGUAGE_STANDARD = "gnu++0x";
				CLANG_CXX_LIBRARY = "libc++";
				CLANG_ENABLE_MODULES = YES;
				CLANG_ENABLE_OBJC_ARC = YES;
				CLANG_WARN_BOOL_CONVERSION = YES;
				CLANG_WARN_CONSTANT_CONVERSION = YES;
				CLANG_WARN_DIRECT_OBJC_ISA_USAGE = YES_ERROR;
				CLANG_WARN_EMPTY_BODY = YES;
				CLANG_WARN_ENUM_CONVERSION = YES;
				CLANG_WARN_INT_CONVERSION = YES;
				CLANG_WARN_OBJC_ROOT_CLASS = YES_ERROR;
				CLANG_WARN_UNREACHABLE_CODE = YES;
				CLANG_WARN__DUPLICATE_METHOD_MATCH = YES;
				CODE_SIGN_IDENTITY = "-";
				COPY_PHASE_STRIP = NO;
				DEBUG_INFORMATION_FORMAT = "dwarf-with-dsym";
				ENABLE_NS_ASSERTIONS = NO;
				ENABLE_STRICT_OBJC_MSGSEND = YES;
				GCC_C_LANGUAGE_STANDARD = gnu99;
				GCC_NO_COMMON_BLOCKS = YES;
				GCC_WARN_64_TO_32_BIT_CONVERSION = YES;
				GCC_WARN_ABOUT_RETURN_TYPE = YES_ERROR;
				GCC_WARN_UNDECLARED_SELECTOR = YES;
				GCC_WARN_UNINITIALIZED_AUTOS = YES_AGGRESSIVE;
				GCC_WARN_UNUSED_FUNCTION = YES;
				GCC_WARN_UNUSED_VARIABLE = YES;
				MACOSX_DEPLOYMENT_TARGET = 10.11;
				MTL_ENABLE_DEBUG_INFO = NO;
				SDKROOT = macosx;
			};
			name = Release;
		};
		CB7C74DC1C0F349A00F143B4 /* Debug */ = {
			isa = XCBuildConfiguration;
			buildSettings = {
				PRODUCT_NAME = "$(TARGET_NAME)";
			};
			name = Debug;
		};
		CB7C74DD1C0F349A00F143B4 /* Release */ = {
			isa = XCBuildConfiguration;
			buildSettings = {
				PRODUCT_NAME = "$(TARGET_NAME)";
			};
			name = Release;
		};
/* End XCBuildConfiguration section */

/* Begin XCConfigurationList section */
		CB7C74CF1C0F349A00F143B4 /* Build configuration list for PBXProject "AdventOfCode" */ = {
			isa = XCConfigurationList;
			buildConfigurations = (
				CB7C74D91C0F349A00F143B4 /* Debug */,
				CB7C74DA1C0F349A00F143B4 /* Release */,
			);
			defaultConfigurationIsVisible = 0;
			defaultConfigurationName = Release;
		};
		CB7C74DB1C0F349A00F143B4 /* Build configuration list for PBXNativeTarget "AdventOfCode" */ = {
			isa = XCConfigurationList;
			buildConfigurations = (
				CB7C74DC1C0F349A00F143B4 /* Debug */,
				CB7C74DD1C0F349A00F143B4 /* Release */,
			);
			defaultConfigurationIsVisible = 0;
			defaultConfigurationName = Release;
		};
/* End XCConfigurationList section */
	};
	rootObject = CB7C74CC1C0F349A00F143B4 /* Project object */;
}
